
Microsoft Visual Studio Solution File, Format Version 11.00
# Visual Studio 2010
Project("{FAE04EC0-301F-11D3-BF4B-00C04F79EFBC}") = "DesignPatterns", "DesignPatterns\DesignPatterns.csproj", "{57570897-1C12-4A0C-B2C9-3A2AC68CF060}"
EndProject
Project("{2150E333-8FDC-42A3-9474-1A3956D46DE8}") = "Modules", "Modules", "{0537A853-12F6-41E4-897F-EF30D78054D2}"
EndProject
Project("{2150E333-8FDC-42A3-9474-1A3956D46DE8}") = "Common", "Common", "{135CA6CD-4514-486D-AFE3-685D95901052}"
EndProject
Project("{2150E333-8FDC-42A3-9474-1A3956D46DE8}") = "References", "References", "{3BE098B0-2391-4344-B9C4-D23478FB460B}"
	ProjectSection(SolutionItems) = preProject
		References\Microsoft.Practices.Prism.dll = References\Microsoft.Practices.Prism.dll
		References\Microsoft.Practices.Prism.Interactivity.dll = References\Microsoft.Practices.Prism.Interactivity.dll
		References\Microsoft.Practices.Prism.MefExtensions.dll = References\Microsoft.Practices.Prism.MefExtensions.dll
		References\Microsoft.Practices.Prism.UnityExtensions.dll = References\Microsoft.Practices.Prism.UnityExtensions.dll
		References\Microsoft.Practices.ServiceLocation.dll = References\Microsoft.Practices.ServiceLocation.dll
		References\Microsoft.Practices.Unity.dll = References\Microsoft.Practices.Unity.dll
	EndProjectSection
EndProject
Project("{FAE04EC0-301F-11D3-BF4B-00C04F79EFBC}") = "DesignPatterns.Modules", "Modules\DesignPatterns.Modules.DesignPatterns\DesignPatterns.Modules.csproj", "{DC8826EA-DD48-42D3-9D9A-AECA5B756DB5}"
EndProject
Project("{FAE04EC0-301F-11D3-BF4B-00C04F79EFBC}") = "DesignPatterns.Common", "Common\DesignPatterns.Common\DesignPatterns.Common.csproj", "{5E5EAE97-9255-4704-9764-08E20BD5C06C}"
EndProject
Global
	GlobalSection(SolutionConfigurationPlatforms) = preSolution
		Debug|Any CPU = Debug|Any CPU
		Debug|Mixed Platforms = Debug|Mixed Platforms
		Debug|x86 = Debug|x86
		Release|Any CPU = Release|Any CPU
		Release|Mixed Platforms = Release|Mixed Platforms
		Release|x86 = Release|x86
	EndGlobalSection
	GlobalSection(ProjectConfigurationPlatforms) = postSolution
		{57570897-1C12-4A0C-B2C9-3A2AC68CF060}.Debug|Any CPU.ActiveCfg = Debug|x86
		{57570897-1C12-4A0C-B2C9-3A2AC68CF060}.Debug|Mixed Platforms.ActiveCfg = Debug|x86
		{57570897-1C12-4A0C-B2C9-3A2AC68CF060}.Debug|Mixed Platforms.Build.0 = Debug|x86
		{57570897-1C12-4A0C-B2C9-3A2AC68CF060}.Debug|x86.ActiveCfg = Debug|x86
		{57570897-1C12-4A0C-B2C9-3A2AC68CF060}.Debug|x86.Build.0 = Debug|x86
		{57570897-1C12-4A0C-B2C9-3A2AC68CF060}.Release|Any CPU.ActiveCfg = Release|x86
		{57570897-1C12-4A0C-B2C9-3A2AC68CF060}.Release|Mixed Platforms.ActiveCfg = Release|x86
		{57570897-1C12-4A0C-B2C9-3A2AC68CF060}.Release|Mixed Platforms.Build.0 = Release|x86
		{57570897-1C12-4A0C-B2C9-3A2AC68CF060}.Release|x86.ActiveCfg = Release|x86
		{57570897-1C12-4A0C-B2C9-3A2AC68CF060}.Release|x86.Build.0 = Release|x86
		{DC8826EA-DD48-42D3-9D9A-AECA5B756DB5}.Debug|Any CPU.ActiveCfg = Debug|Any CPU
		{DC8826EA-DD48-42D3-9D9A-AECA5B756DB5}.Debug|Any CPU.Build.0 = Debug|Any CPU
		{DC8826EA-DD48-42D3-9D9A-AECA5B756DB5}.Debug|Mixed Platforms.ActiveCfg = Debug|Any CPU
		{DC8826EA-DD48-42D3-9D9A-AECA5B756DB5}.Debug|Mixed Platforms.Build.0 = Debug|Any CPU
		{DC8826EA-DD48-42D3-9D9A-AECA5B756DB5}.Debug|x86.ActiveCfg = Debug|Any CPU
		{DC8826EA-DD48-42D3-9D9A-AECA5B756DB5}.Release|Any CPU.ActiveCfg = Release|Any CPU
		{DC8826EA-DD48-42D3-9D9A-AECA5B756DB5}.Release|Any CPU.Build.0 = Release|Any CPU
		{DC8826EA-DD48-42D3-9D9A-AECA5B756DB5}.Release|Mixed Platforms.ActiveCfg = Release|Any CPU
		{DC8826EA-DD48-42D3-9D9A-AECA5B756DB5}.Release|Mixed Platforms.Build.0 = Release|Any CPU
		{DC8826EA-DD48-42D3-9D9A-AECA5B756DB5}.Release|x86.ActiveCfg = Release|Any CPU
		{5E5EAE97-9255-4704-9764-08E20BD5C06C}.Debug|Any CPU.ActiveCfg = Debug|Any CPU
		{5E5EAE97-9255-4704-9764-08E20BD5C06C}.Debug|Any CPU.Build.0 = Debug|Any CPU
		{5E5EAE97-9255-4704-9764-08E20BD5C06C}.Debug|Mixed Platforms.ActiveCfg = Debug|Any CPU
		{5E5EAE97-9255-4704-9764-08E20BD5C06C}.Debug|Mixed Platforms.Build.0 = Debug|Any CPU
		{5E5EAE97-9255-4704-9764-08E20BD5C06C}.Debug|x86.ActiveCfg = Debug|Any CPU
		{5E5EAE97-9255-4704-9764-08E20BD5C06C}.Release|Any CPU.ActiveCfg = Release|Any CPU
		{5E5EAE97-9255-4704-9764-08E20BD5C06C}.Release|Any CPU.Build.0 = Release|Any CPU
		{5E5EAE97-9255-4704-9764-08E20BD5C06C}.Release|Mixed Platforms.ActiveCfg = Release|Any CPU
		{5E5EAE97-9255-4704-9764-08E20BD5C06C}.Release|Mixed Platforms.Build.0 = Release|Any CPU
		{5E5EAE97-9255-4704-9764-08E20BD5C06C}.Release|x86.ActiveCfg = Release|Any CPU
	EndGlobalSection
	GlobalSection(SolutionProperties) = preSolution
		HideSolutionNode = FALSE
	EndGlobalSection
	GlobalSection(NestedProjects) = preSolution
		{DC8826EA-DD48-42D3-9D9A-AECA5B756DB5} = {0537A853-12F6-41E4-897F-EF30D78054D2}
		{5E5EAE97-9255-4704-9764-08E20BD5C06C} = {135CA6CD-4514-486D-AFE3-685D95901052}
	EndGlobalSection
EndGlobal
