
Microsoft Visual Studio Solution File, Format Version 12.00
# Visual Studio 15
VisualStudioVersion = 15.0.27130.2027
MinimumVisualStudioVersion = 10.0.40219.1
Project("{FAE04EC0-301F-11D3-BF4B-00C04F79EFBC}") = "WpfAppMinMaxTypeValue", "WpfAppMinMaxTypeValue\WpfAppMinMaxTypeValue.csproj", "{3A8A08CC-B3DF-4858-8979-6637C6DD7531}"
EndProject
Global
	GlobalSection(SolutionConfigurationPlatforms) = preSolution
		Debug|Any CPU = Debug|Any CPU
		Release|Any CPU = Release|Any CPU
	EndGlobalSection
	GlobalSection(ProjectConfigurationPlatforms) = postSolution
		{3A8A08CC-B3DF-4858-8979-6637C6DD7531}.Debug|Any CPU.ActiveCfg = Debug|Any CPU
		{3A8A08CC-B3DF-4858-8979-6637C6DD7531}.Debug|Any CPU.Build.0 = Debug|Any CPU
		{3A8A08CC-B3DF-4858-8979-6637C6DD7531}.Release|Any CPU.ActiveCfg = Release|Any CPU
		{3A8A08CC-B3DF-4858-8979-6637C6DD7531}.Release|Any CPU.Build.0 = Release|Any CPU
	EndGlobalSection
	GlobalSection(SolutionProperties) = preSolution
		HideSolutionNode = FALSE
	EndGlobalSection
	GlobalSection(ExtensibilityGlobals) = postSolution
		SolutionGuid = {7743C060-F646-49A1-9950-A9E5FD7837A9}
	EndGlobalSection
EndGlobal
