
Microsoft Visual Studio Solution File, Format Version 12.00
# Visual Studio 15
VisualStudioVersion = 15.0.27130.2036
MinimumVisualStudioVersion = 10.0.40219.1
Project("{FAE04EC0-301F-11D3-BF4B-00C04F79EFBC}") = "mobile", "ConsoleApp1\mobile.csproj", "{E8DF7946-3F3B-4980-9AE5-88FBA0398307}"
EndProject
Global
	GlobalSection(SolutionConfigurationPlatforms) = preSolution
		Debug|Any CPU = Debug|Any CPU
		Release|Any CPU = Release|Any CPU
	EndGlobalSection
	GlobalSection(ProjectConfigurationPlatforms) = postSolution
		{E8DF7946-3F3B-4980-9AE5-88FBA0398307}.Debug|Any CPU.ActiveCfg = Debug|Any CPU
		{E8DF7946-3F3B-4980-9AE5-88FBA0398307}.Debug|Any CPU.Build.0 = Debug|Any CPU
		{E8DF7946-3F3B-4980-9AE5-88FBA0398307}.Release|Any CPU.ActiveCfg = Release|Any CPU
		{E8DF7946-3F3B-4980-9AE5-88FBA0398307}.Release|Any CPU.Build.0 = Release|Any CPU
	EndGlobalSection
	GlobalSection(SolutionProperties) = preSolution
		HideSolutionNode = FALSE
	EndGlobalSection
	GlobalSection(ExtensibilityGlobals) = postSolution
		SolutionGuid = {2EC8CEB5-3C7D-4F07-9FA4-B86A24F287D0}
	EndGlobalSection
EndGlobal
