
Microsoft Visual Studio Solution File, Format Version 12.00
# Visual Studio 15
VisualStudioVersion = 15.0.27130.2027
MinimumVisualStudioVersion = 10.0.40219.1
Project("{FAE04EC0-301F-11D3-BF4B-00C04F79EFBC}") = "Clone", "Clone\Clone.csproj", "{5F35D2F0-9265-4FE1-8695-68E833C0952D}"
EndProject
Global
	GlobalSection(SolutionConfigurationPlatforms) = preSolution
		Debug|Any CPU = Debug|Any CPU
		Release|Any CPU = Release|Any CPU
	EndGlobalSection
	GlobalSection(ProjectConfigurationPlatforms) = postSolution
		{5F35D2F0-9265-4FE1-8695-68E833C0952D}.Debug|Any CPU.ActiveCfg = Debug|Any CPU
		{5F35D2F0-9265-4FE1-8695-68E833C0952D}.Debug|Any CPU.Build.0 = Debug|Any CPU
		{5F35D2F0-9265-4FE1-8695-68E833C0952D}.Release|Any CPU.ActiveCfg = Release|Any CPU
		{5F35D2F0-9265-4FE1-8695-68E833C0952D}.Release|Any CPU.Build.0 = Release|Any CPU
	EndGlobalSection
	GlobalSection(SolutionProperties) = preSolution
		HideSolutionNode = FALSE
	EndGlobalSection
	GlobalSection(ExtensibilityGlobals) = postSolution
		SolutionGuid = {8D7EFCA8-3F96-4F50-B3CC-081F59A99FF5}
	EndGlobalSection
EndGlobal
