
Microsoft Visual Studio Solution File, Format Version 12.00
# Visual Studio 2013
VisualStudioVersion = 12.0.31101.0
MinimumVisualStudioVersion = 10.0.40219.1
Project("{FAE04EC0-301F-11D3-BF4B-00C04F79EFBC}") = "01_TPL", "TPL_DEMO\01_TPL.csproj", "{5AACDA9B-379D-42EE-9C70-39D6955BB010}"
EndProject
Project("{FAE04EC0-301F-11D3-BF4B-00C04F79EFBC}") = "02_TPL", "02_TPL\02_TPL.csproj", "{902D8557-EBAC-429E-8928-87B9DF7780C1}"
EndProject
Project("{FAE04EC0-301F-11D3-BF4B-00C04F79EFBC}") = "03_TPL", "03_TPL\03_TPL.csproj", "{803FF0ED-E2B4-4D42-A8FE-29E5B391D176}"
EndProject
Project("{FAE04EC0-301F-11D3-BF4B-00C04F79EFBC}") = "04_TPL", "04_TPL\04_TPL.csproj", "{2C542A56-1A93-4794-BD2F-3B1F916D28C5}"
EndProject
Project("{FAE04EC0-301F-11D3-BF4B-00C04F79EFBC}") = "05_TPL", "05_TPL\05_TPL.csproj", "{794775B4-AC27-4D70-8C56-5973C1863B3F}"
EndProject
Project("{FAE04EC0-301F-11D3-BF4B-00C04F79EFBC}") = "06_TPL", "06_TPL\06_TPL.csproj", "{210539FD-D8E7-4EF2-B56F-A9AC760E5059}"
EndProject
Project("{FAE04EC0-301F-11D3-BF4B-00C04F79EFBC}") = "07_TPL", "07_TPL\07_TPL.csproj", "{7E345D3B-A933-4DAC-B158-40AFEB5E29EA}"
EndProject
Project("{FAE04EC0-301F-11D3-BF4B-00C04F79EFBC}") = "08_TPL", "08_TPL\08_TPL.csproj", "{EAB21652-7EF2-4A35-862C-2A2721A04BDB}"
EndProject
Project("{FAE04EC0-301F-11D3-BF4B-00C04F79EFBC}") = "09_TPL", "09_TPL\09_TPL.csproj", "{BBCF9E27-4F05-45BB-AF94-2D8DC48A721F}"
EndProject
Global
	GlobalSection(SolutionConfigurationPlatforms) = preSolution
		Debug|Any CPU = Debug|Any CPU
		Release|Any CPU = Release|Any CPU
	EndGlobalSection
	GlobalSection(ProjectConfigurationPlatforms) = postSolution
		{5AACDA9B-379D-42EE-9C70-39D6955BB010}.Debug|Any CPU.ActiveCfg = Debug|Any CPU
		{5AACDA9B-379D-42EE-9C70-39D6955BB010}.Debug|Any CPU.Build.0 = Debug|Any CPU
		{5AACDA9B-379D-42EE-9C70-39D6955BB010}.Release|Any CPU.ActiveCfg = Release|Any CPU
		{5AACDA9B-379D-42EE-9C70-39D6955BB010}.Release|Any CPU.Build.0 = Release|Any CPU
		{902D8557-EBAC-429E-8928-87B9DF7780C1}.Debug|Any CPU.ActiveCfg = Debug|Any CPU
		{902D8557-EBAC-429E-8928-87B9DF7780C1}.Debug|Any CPU.Build.0 = Debug|Any CPU
		{902D8557-EBAC-429E-8928-87B9DF7780C1}.Release|Any CPU.ActiveCfg = Release|Any CPU
		{902D8557-EBAC-429E-8928-87B9DF7780C1}.Release|Any CPU.Build.0 = Release|Any CPU
		{803FF0ED-E2B4-4D42-A8FE-29E5B391D176}.Debug|Any CPU.ActiveCfg = Debug|Any CPU
		{803FF0ED-E2B4-4D42-A8FE-29E5B391D176}.Debug|Any CPU.Build.0 = Debug|Any CPU
		{803FF0ED-E2B4-4D42-A8FE-29E5B391D176}.Release|Any CPU.ActiveCfg = Release|Any CPU
		{803FF0ED-E2B4-4D42-A8FE-29E5B391D176}.Release|Any CPU.Build.0 = Release|Any CPU
		{2C542A56-1A93-4794-BD2F-3B1F916D28C5}.Debug|Any CPU.ActiveCfg = Debug|Any CPU
		{2C542A56-1A93-4794-BD2F-3B1F916D28C5}.Debug|Any CPU.Build.0 = Debug|Any CPU
		{2C542A56-1A93-4794-BD2F-3B1F916D28C5}.Release|Any CPU.ActiveCfg = Release|Any CPU
		{2C542A56-1A93-4794-BD2F-3B1F916D28C5}.Release|Any CPU.Build.0 = Release|Any CPU
		{794775B4-AC27-4D70-8C56-5973C1863B3F}.Debug|Any CPU.ActiveCfg = Debug|Any CPU
		{794775B4-AC27-4D70-8C56-5973C1863B3F}.Debug|Any CPU.Build.0 = Debug|Any CPU
		{794775B4-AC27-4D70-8C56-5973C1863B3F}.Release|Any CPU.ActiveCfg = Release|Any CPU
		{794775B4-AC27-4D70-8C56-5973C1863B3F}.Release|Any CPU.Build.0 = Release|Any CPU
		{210539FD-D8E7-4EF2-B56F-A9AC760E5059}.Debug|Any CPU.ActiveCfg = Debug|Any CPU
		{210539FD-D8E7-4EF2-B56F-A9AC760E5059}.Debug|Any CPU.Build.0 = Debug|Any CPU
		{210539FD-D8E7-4EF2-B56F-A9AC760E5059}.Release|Any CPU.ActiveCfg = Release|Any CPU
		{210539FD-D8E7-4EF2-B56F-A9AC760E5059}.Release|Any CPU.Build.0 = Release|Any CPU
		{7E345D3B-A933-4DAC-B158-40AFEB5E29EA}.Debug|Any CPU.ActiveCfg = Debug|Any CPU
		{7E345D3B-A933-4DAC-B158-40AFEB5E29EA}.Debug|Any CPU.Build.0 = Debug|Any CPU
		{7E345D3B-A933-4DAC-B158-40AFEB5E29EA}.Release|Any CPU.ActiveCfg = Release|Any CPU
		{7E345D3B-A933-4DAC-B158-40AFEB5E29EA}.Release|Any CPU.Build.0 = Release|Any CPU
		{EAB21652-7EF2-4A35-862C-2A2721A04BDB}.Debug|Any CPU.ActiveCfg = Debug|Any CPU
		{EAB21652-7EF2-4A35-862C-2A2721A04BDB}.Debug|Any CPU.Build.0 = Debug|Any CPU
		{EAB21652-7EF2-4A35-862C-2A2721A04BDB}.Release|Any CPU.ActiveCfg = Release|Any CPU
		{EAB21652-7EF2-4A35-862C-2A2721A04BDB}.Release|Any CPU.Build.0 = Release|Any CPU
		{BBCF9E27-4F05-45BB-AF94-2D8DC48A721F}.Debug|Any CPU.ActiveCfg = Debug|Any CPU
		{BBCF9E27-4F05-45BB-AF94-2D8DC48A721F}.Debug|Any CPU.Build.0 = Debug|Any CPU
		{BBCF9E27-4F05-45BB-AF94-2D8DC48A721F}.Release|Any CPU.ActiveCfg = Release|Any CPU
		{BBCF9E27-4F05-45BB-AF94-2D8DC48A721F}.Release|Any CPU.Build.0 = Release|Any CPU
	EndGlobalSection
	GlobalSection(SolutionProperties) = preSolution
		HideSolutionNode = FALSE
	EndGlobalSection
EndGlobal
